Microsoft Visual Studio Solution File, Format Version 12.00
# Visual Studio 2013
VisualStudioVersion = 12.0.31101.0
MinimumVisualStudioVersion = 10.0.40219.1
Project("{FAE04EC0-301F-11D3-BF4B-00C04F79EFBC}") = "Stocklist.XamForms", "Stocklist.XamForms.csproj", "{83994D64-A561-464F-8DB0-0108F7FA8759}"
EndProject
Project("{FAE04EC0-301F-11D3-BF4B-00C04F79EFBC}") = "Stocklist.iOS", "iOS\Stocklist.iOS.csproj", "{65406A8F-CFAE-4AF1-B6B0-ECC9780AC069}"
EndProject
Project("{FAE04EC0-301F-11D3-BF4B-00C04F79EFBC}") = "Stocklist.Droid", "Droid\Stocklist.Droid.csproj", "{4C0618AB-2C8F-4612-B619-D21596564641}"
EndProject
Project("{FAE04EC0-301F-11D3-BF4B-00C04F79EFBC}") = "Stocklist.Portable", "Stocklist.Portable\Stocklist.Portable.csproj", "{2379A4D7-D404-4174-9A46-C1A96F484579}"
EndProject
Project("{D954291E-2A0B-460D-934E-DC6B0785DB48}") = "Stocklist.Shared", "Stocklist.Shared\Stocklist.Shared.shproj", "{DA0A8DDB-2337-4872-8FD2-1171C912497F}"
EndProject
Project("{FAE04EC0-301F-11D3-BF4B-00C04F79EFBC}") = "Stocklist.Winphone", "Stocklist.Winphone\Stocklist.Winphone.csproj", "{DBA13DB4-9B08-4CB9-913B-0EFB5E7EEFE9}"
EndProject
Global
	GlobalSection(SharedMSBuildProjectFiles) = preSolution
		Stocklist.Shared\Stocklist.Shared.projitems*{da0a8ddb-2337-4872-8fd2-1171c912497f}*SharedItemsImports = 13
		Stocklist.Shared\Stocklist.Shared.projitems*{dba13db4-9b08-4cb9-913b-0efb5e7eefe9}*SharedItemsImports = 4
	EndGlobalSection
	GlobalSection(SolutionConfigurationPlatforms) = preSolution
		Debug|Any CPU = Debug|Any CPU
		Debug|ARM = Debug|ARM
		Debug|iPhone = Debug|iPhone
		Debug|iPhoneSimulator = Debug|iPhoneSimulator
		Debug|x86 = Debug|x86
		Release|Any CPU = Release|Any CPU
		Release|ARM = Release|ARM
		Release|iPhone = Release|iPhone
		Release|iPhoneSimulator = Release|iPhoneSimulator
		Release|x86 = Release|x86
	EndGlobalSection
	GlobalSection(ProjectConfigurationPlatforms) = postSolution
		{83994D64-A561-464F-8DB0-0108F7FA8759}.Debug|Any CPU.ActiveCfg = Debug|Any CPU
		{83994D64-A561-464F-8DB0-0108F7FA8759}.Debug|Any CPU.Build.0 = Debug|Any CPU
		{83994D64-A561-464F-8DB0-0108F7FA8759}.Debug|ARM.ActiveCfg = Debug|Any CPU
		{83994D64-A561-464F-8DB0-0108F7FA8759}.Debug|iPhone.ActiveCfg = Debug|Any CPU
		{83994D64-A561-464F-8DB0-0108F7FA8759}.Debug|iPhone.Build.0 = Debug|Any CPU
		{83994D64-A561-464F-8DB0-0108F7FA8759}.Debug|iPhoneSimulator.ActiveCfg = Debug|Any CPU
		{83994D64-A561-464F-8DB0-0108F7FA8759}.Debug|iPhoneSimulator.Build.0 = Debug|Any CPU
		{83994D64-A561-464F-8DB0-0108F7FA8759}.Debug|x86.ActiveCfg = Debug|Any CPU
		{83994D64-A561-464F-8DB0-0108F7FA8759}.Release|Any CPU.ActiveCfg = Release|Any CPU
		{83994D64-A561-464F-8DB0-0108F7FA8759}.Release|Any CPU.Build.0 = Release|Any CPU
		{83994D64-A561-464F-8DB0-0108F7FA8759}.Release|ARM.ActiveCfg = Release|Any CPU
		{83994D64-A561-464F-8DB0-0108F7FA8759}.Release|iPhone.ActiveCfg = Release|Any CPU
		{83994D64-A561-464F-8DB0-0108F7FA8759}.Release|iPhone.Build.0 = Release|Any CPU
		{83994D64-A561-464F-8DB0-0108F7FA8759}.Release|iPhoneSimulator.ActiveCfg = Release|Any CPU
		{83994D64-A561-464F-8DB0-0108F7FA8759}.Release|iPhoneSimulator.Build.0 = Release|Any CPU
		{83994D64-A561-464F-8DB0-0108F7FA8759}.Release|x86.ActiveCfg = Release|Any CPU
		{65406A8F-CFAE-4AF1-B6B0-ECC9780AC069}.Debug|Any CPU.ActiveCfg = Debug|iPhoneSimulator
		{65406A8F-CFAE-4AF1-B6B0-ECC9780AC069}.Debug|Any CPU.Build.0 = Debug|iPhoneSimulator
		{65406A8F-CFAE-4AF1-B6B0-ECC9780AC069}.Debug|ARM.ActiveCfg = Debug|iPhone
		{65406A8F-CFAE-4AF1-B6B0-ECC9780AC069}.Debug|iPhone.ActiveCfg = Debug|iPhone
		{65406A8F-CFAE-4AF1-B6B0-ECC9780AC069}.Debug|iPhone.Build.0 = Debug|iPhone
		{65406A8F-CFAE-4AF1-B6B0-ECC9780AC069}.Debug|iPhoneSimulator.ActiveCfg = Debug|iPhoneSimulator
		{65406A8F-CFAE-4AF1-B6B0-ECC9780AC069}.Debug|iPhoneSimulator.Build.0 = Debug|iPhoneSimulator
		{65406A8F-CFAE-4AF1-B6B0-ECC9780AC069}.Debug|x86.ActiveCfg = Debug|iPhone
		{65406A8F-CFAE-4AF1-B6B0-ECC9780AC069}.Release|Any CPU.ActiveCfg = Debug|iPhoneSimulator
		{65406A8F-CFAE-4AF1-B6B0-ECC9780AC069}.Release|Any CPU.Build.0 = Debug|iPhoneSimulator
		{65406A8F-CFAE-4AF1-B6B0-ECC9780AC069}.Release|ARM.ActiveCfg = Release|iPhoneSimulator
		{65406A8F-CFAE-4AF1-B6B0-ECC9780AC069}.Release|iPhone.ActiveCfg = Release|iPhone
		{65406A8F-CFAE-4AF1-B6B0-ECC9780AC069}.Release|iPhone.Build.0 = Release|iPhone
		{65406A8F-CFAE-4AF1-B6B0-ECC9780AC069}.Release|iPhoneSimulator.ActiveCfg = Release|iPhoneSimulator
		{65406A8F-CFAE-4AF1-B6B0-ECC9780AC069}.Release|iPhoneSimulator.Build.0 = Release|iPhoneSimulator
		{65406A8F-CFAE-4AF1-B6B0-ECC9780AC069}.Release|x86.ActiveCfg = Release|iPhoneSimulator
		{4C0618AB-2C8F-4612-B619-D21596564641}.Debug|Any CPU.ActiveCfg = Debug|Any CPU
		{4C0618AB-2C8F-4612-B619-D21596564641}.Debug|Any CPU.Build.0 = Debug|Any CPU
		{4C0618AB-2C8F-4612-B619-D21596564641}.Debug|ARM.ActiveCfg = Debug|Any CPU
		{4C0618AB-2C8F-4612-B619-D21596564641}.Debug|iPhone.ActiveCfg = Debug|Any CPU
		{4C0618AB-2C8F-4612-B619-D21596564641}.Debug|iPhone.Build.0 = Debug|Any CPU
		{4C0618AB-2C8F-4612-B619-D21596564641}.Debug|iPhoneSimulator.ActiveCfg = Debug|Any CPU
		{4C0618AB-2C8F-4612-B619-D21596564641}.Debug|iPhoneSimulator.Build.0 = Debug|Any CPU
		{4C0618AB-2C8F-4612-B619-D21596564641}.Debug|x86.ActiveCfg = Debug|Any CPU
		{4C0618AB-2C8F-4612-B619-D21596564641}.Release|Any CPU.ActiveCfg = Release|Any CPU
		{4C0618AB-2C8F-4612-B619-D21596564641}.Release|Any CPU.Build.0 = Release|Any CPU
		{4C0618AB-2C8F-4612-B619-D21596564641}.Release|ARM.ActiveCfg = Release|Any CPU
		{4C0618AB-2C8F-4612-B619-D21596564641}.Release|iPhone.ActiveCfg = Release|Any CPU
		{4C0618AB-2C8F-4612-B619-D21596564641}.Release|iPhone.Build.0 = Release|Any CPU
		{4C0618AB-2C8F-4612-B619-D21596564641}.Release|iPhoneSimulator.ActiveCfg = Release|Any CPU
		{4C0618AB-2C8F-4612-B619-D21596564641}.Release|iPhoneSimulator.Build.0 = Release|Any CPU
		{4C0618AB-2C8F-4612-B619-D21596564641}.Release|x86.ActiveCfg = Release|Any CPU
		{2379A4D7-D404-4174-9A46-C1A96F484579}.Debug|Any CPU.ActiveCfg = Debug|Any CPU
		{2379A4D7-D404-4174-9A46-C1A96F484579}.Debug|Any CPU.Build.0 = Debug|Any CPU
		{2379A4D7-D404-4174-9A46-C1A96F484579}.Debug|ARM.ActiveCfg = Debug|Any CPU
		{2379A4D7-D404-4174-9A46-C1A96F484579}.Debug|iPhone.ActiveCfg = Debug|Any CPU
		{2379A4D7-D404-4174-9A46-C1A96F484579}.Debug|iPhone.Build.0 = Debug|Any CPU
		{2379A4D7-D404-4174-9A46-C1A96F484579}.Debug|iPhoneSimulator.ActiveCfg = Debug|Any CPU
		{2379A4D7-D404-4174-9A46-C1A96F484579}.Debug|iPhoneSimulator.Build.0 = Debug|Any CPU
		{2379A4D7-D404-4174-9A46-C1A96F484579}.Debug|x86.ActiveCfg = Debug|Any CPU
		{2379A4D7-D404-4174-9A46-C1A96F484579}.Release|Any CPU.ActiveCfg = Release|Any CPU
		{2379A4D7-D404-4174-9A46-C1A96F484579}.Release|Any CPU.Build.0 = Release|Any CPU
		{2379A4D7-D404-4174-9A46-C1A96F484579}.Release|ARM.ActiveCfg = Release|Any CPU
		{2379A4D7-D404-4174-9A46-C1A96F484579}.Release|iPhone.ActiveCfg = Release|Any CPU
		{2379A4D7-D404-4174-9A46-C1A96F484579}.Release|iPhone.Build.0 = Release|Any CPU
		{2379A4D7-D404-4174-9A46-C1A96F484579}.Release|iPhoneSimulator.ActiveCfg = Release|Any CPU
		{2379A4D7-D404-4174-9A46-C1A96F484579}.Release|iPhoneSimulator.Build.0 = Release|Any CPU
		{2379A4D7-D404-4174-9A46-C1A96F484579}.Release|x86.ActiveCfg = Release|Any CPU
		{DBA13DB4-9B08-4CB9-913B-0EFB5E7EEFE9}.Debug|Any CPU.ActiveCfg = Debug|Any CPU
		{DBA13DB4-9B08-4CB9-913B-0EFB5E7EEFE9}.Debug|Any CPU.Build.0 = Debug|Any CPU
		{DBA13DB4-9B08-4CB9-913B-0EFB5E7EEFE9}.Debug|Any CPU.Deploy.0 = Debug|Any CPU
		{DBA13DB4-9B08-4CB9-913B-0EFB5E7EEFE9}.Debug|ARM.ActiveCfg = Debug|ARM
		{DBA13DB4-9B08-4CB9-913B-0EFB5E7EEFE9}.Debug|ARM.Build.0 = Debug|ARM
		{DBA13DB4-9B08-4CB9-913B-0EFB5E7EEFE9}.Debug|ARM.Deploy.0 = Debug|ARM
		{DBA13DB4-9B08-4CB9-913B-0EFB5E7EEFE9}.Debug|iPhone.ActiveCfg = Debug|Any CPU
		{DBA13DB4-9B08-4CB9-913B-0EFB5E7EEFE9}.Debug|iPhoneSimulator.ActiveCfg = Debug|Any CPU
		{DBA13DB4-9B08-4CB9-913B-0EFB5E7EEFE9}.Debug|x86.ActiveCfg = Debug|x86
		{DBA13DB4-9B08-4CB9-913B-0EFB5E7EEFE9}.Debug|x86.Build.0 = Debug|x86
		{DBA13DB4-9B08-4CB9-913B-0EFB5E7EEFE9}.Debug|x86.Deploy.0 = Debug|x86
		{DBA13DB4-9B08-4CB9-913B-0EFB5E7EEFE9}.Release|Any CPU.ActiveCfg = Release|Any CPU
		{DBA13DB4-9B08-4CB9-913B-0EFB5E7EEFE9}.Release|Any CPU.Build.0 = Release|Any CPU
		{DBA13DB4-9B08-4CB9-913B-0EFB5E7EEFE9}.Release|Any CPU.Deploy.0 = Release|Any CPU
		{DBA13DB4-9B08-4CB9-913B-0EFB5E7EEFE9}.Release|ARM.ActiveCfg = Release|ARM
		{DBA13DB4-9B08-4CB9-913B-0EFB5E7EEFE9}.Release|ARM.Build.0 = Release|ARM
		{DBA13DB4-9B08-4CB9-913B-0EFB5E7EEFE9}.Release|ARM.Deploy.0 = Release|ARM
		{DBA13DB4-9B08-4CB9-913B-0EFB5E7EEFE9}.Release|iPhone.ActiveCfg = Release|Any CPU
		{DBA13DB4-9B08-4CB9-913B-0EFB5E7EEFE9}.Release|iPhoneSimulator.ActiveCfg = Release|Any CPU
		{DBA13DB4-9B08-4CB9-913B-0EFB5E7EEFE9}.Release|x86.ActiveCfg = Release|x86
		{DBA13DB4-9B08-4CB9-913B-0EFB5E7EEFE9}.Release|x86.Build.0 = Release|x86
		{DBA13DB4-9B08-4CB9-913B-0EFB5E7EEFE9}.Release|x86.Deploy.0 = Release|x86
	EndGlobalSection
	GlobalSection(SolutionProperties) = preSolution
		HideSolutionNode = FALSE
	EndGlobalSection
EndGlobal
